
Microsoft Visual Studio Solution File, Format Version 12.00
# Visual Studio Version 17
VisualStudioVersion = 17.14.36203.30
MinimumVisualStudioVersion = 10.0.40219.1
Project("{FAE04EC0-301F-11D3-BF4B-00C04F79EFBC}") = "Catalog.API", "Services\Catalog\Catalog.API\Catalog.API.csproj", "{33FC5A32-CDDC-EE43-9CA6-483EA2BFBE99}"
EndProject
Project("{2150E333-8FDC-42A3-9474-1A3956D46DE8}") = "BuildingBlocks", "BuildingBlocks", "{02EA681E-C7D8-13C7-8484-4AC65E1B71E8}"
EndProject
Project("{FAE04EC0-301F-11D3-BF4B-00C04F79EFBC}") = "BuildingBlocks", "BuildingBlocks\BuildingBlocks\BuildingBlocks.csproj", "{F9EE1BF7-1B2A-4CFE-B5C8-E776529B92A3}"
EndProject
Project("{E53339B2-1760-4266-BCC7-CA923CBCF16C}") = "docker-compose", "docker-compose.dcproj", "{81DDED9D-158B-E303-5F62-77A2896D2A5A}"
EndProject
Project("{2150E333-8FDC-42A3-9474-1A3956D46DE8}") = "Services", "Services", "{27680966-BDC7-453A-AA49-D6140B689B20}"
EndProject
Project("{2150E333-8FDC-42A3-9474-1A3956D46DE8}") = "Catalog", "Catalog", "{32264C5E-0437-4D8D-A50F-6E8B2104E304}"
EndProject
Project("{2150E333-8FDC-42A3-9474-1A3956D46DE8}") = "Basket", "Basket", "{E83E879F-B15A-4EA4-A628-C9E42D14514C}"
EndProject
Project("{FAE04EC0-301F-11D3-BF4B-00C04F79EFBC}") = "Basket.API", "Services\Basket\Basket.API\Basket.API.csproj", "{A69199CC-B0C3-4956-9F49-7B8C22FCF1D8}"
EndProject
Project("{2150E333-8FDC-42A3-9474-1A3956D46DE8}") = "Discount", "Discount", "{311A87E0-E5C9-414E-B545-EAF1CAA7DE8E}"
EndProject
Project("{FAE04EC0-301F-11D3-BF4B-00C04F79EFBC}") = "Discount.Grpc", "Services\Discount\Discount.Grpc\Discount.Grpc.csproj", "{BD2E99A7-9394-45AE-9ECB-490FB560FD6C}"
EndProject
Project("{2150E333-8FDC-42A3-9474-1A3956D46DE8}") = "Ordering", "Ordering", "{A2CF9A38-D49A-43F8-94E4-2E64841EBB7E}"
EndProject
Project("{FAE04EC0-301F-11D3-BF4B-00C04F79EFBC}") = "Ordering.API", "Services\Ordering\Ordering.API\Ordering.API.csproj", "{82E7A851-8774-4F1B-A6F6-51E1F45DBE31}"
EndProject
Project("{FAE04EC0-301F-11D3-BF4B-00C04F79EFBC}") = "Ordering.Domain", "Services\Ordering\Ordering.Domain\Ordering.Domain.csproj", "{8BE225A0-ECE1-45BB-B0BB-156DA79DB006}"
EndProject
Project("{FAE04EC0-301F-11D3-BF4B-00C04F79EFBC}") = "Ordering.Application", "Services\Ordering\Ordering.Application\Ordering.Application.csproj", "{FD7C28D9-154D-45C7-84B4-0BAEC34BD877}"
EndProject
Project("{FAE04EC0-301F-11D3-BF4B-00C04F79EFBC}") = "Ordering.Infrastructure", "Services\Ordering\Ordering.Infrastructure\Ordering.Infrastructure.csproj", "{4678159A-692F-43BC-BB3C-3FB0AB109C63}"
EndProject
Project("{FAE04EC0-301F-11D3-BF4B-00C04F79EFBC}") = "BuildingBlocks.Messaging", "BuildingBlocks\BuildingBlocks.Messaging\BuildingBlocks.Messaging.csproj", "{5C8C0FA0-1498-4974-B7D2-E37DAA35B080}"
EndProject
Global
	GlobalSection(SolutionConfigurationPlatforms) = preSolution
		Debug|Any CPU = Debug|Any CPU
		Release|Any CPU = Release|Any CPU
	EndGlobalSection
	GlobalSection(ProjectConfigurationPlatforms) = postSolution
		{33FC5A32-CDDC-EE43-9CA6-483EA2BFBE99}.Debug|Any CPU.ActiveCfg = Debug|Any CPU
		{33FC5A32-CDDC-EE43-9CA6-483EA2BFBE99}.Debug|Any CPU.Build.0 = Debug|Any CPU
		{33FC5A32-CDDC-EE43-9CA6-483EA2BFBE99}.Release|Any CPU.ActiveCfg = Release|Any CPU
		{33FC5A32-CDDC-EE43-9CA6-483EA2BFBE99}.Release|Any CPU.Build.0 = Release|Any CPU
		{F9EE1BF7-1B2A-4CFE-B5C8-E776529B92A3}.Debug|Any CPU.ActiveCfg = Debug|Any CPU
		{F9EE1BF7-1B2A-4CFE-B5C8-E776529B92A3}.Debug|Any CPU.Build.0 = Debug|Any CPU
		{F9EE1BF7-1B2A-4CFE-B5C8-E776529B92A3}.Release|Any CPU.ActiveCfg = Release|Any CPU
		{F9EE1BF7-1B2A-4CFE-B5C8-E776529B92A3}.Release|Any CPU.Build.0 = Release|Any CPU
		{81DDED9D-158B-E303-5F62-77A2896D2A5A}.Debug|Any CPU.ActiveCfg = Debug|Any CPU
		{81DDED9D-158B-E303-5F62-77A2896D2A5A}.Debug|Any CPU.Build.0 = Debug|Any CPU
		{81DDED9D-158B-E303-5F62-77A2896D2A5A}.Release|Any CPU.ActiveCfg = Release|Any CPU
		{81DDED9D-158B-E303-5F62-77A2896D2A5A}.Release|Any CPU.Build.0 = Release|Any CPU
		{A69199CC-B0C3-4956-9F49-7B8C22FCF1D8}.Debug|Any CPU.ActiveCfg = Debug|Any CPU
		{A69199CC-B0C3-4956-9F49-7B8C22FCF1D8}.Debug|Any CPU.Build.0 = Debug|Any CPU
		{A69199CC-B0C3-4956-9F49-7B8C22FCF1D8}.Release|Any CPU.ActiveCfg = Release|Any CPU
		{A69199CC-B0C3-4956-9F49-7B8C22FCF1D8}.Release|Any CPU.Build.0 = Release|Any CPU
		{BD2E99A7-9394-45AE-9ECB-490FB560FD6C}.Debug|Any CPU.ActiveCfg = Debug|Any CPU
		{BD2E99A7-9394-45AE-9ECB-490FB560FD6C}.Debug|Any CPU.Build.0 = Debug|Any CPU
		{BD2E99A7-9394-45AE-9ECB-490FB560FD6C}.Release|Any CPU.ActiveCfg = Release|Any CPU
		{BD2E99A7-9394-45AE-9ECB-490FB560FD6C}.Release|Any CPU.Build.0 = Release|Any CPU
		{82E7A851-8774-4F1B-A6F6-51E1F45DBE31}.Debug|Any CPU.ActiveCfg = Debug|Any CPU
		{82E7A851-8774-4F1B-A6F6-51E1F45DBE31}.Debug|Any CPU.Build.0 = Debug|Any CPU
		{82E7A851-8774-4F1B-A6F6-51E1F45DBE31}.Release|Any CPU.ActiveCfg = Release|Any CPU
		{82E7A851-8774-4F1B-A6F6-51E1F45DBE31}.Release|Any CPU.Build.0 = Release|Any CPU
		{8BE225A0-ECE1-45BB-B0BB-156DA79DB006}.Debug|Any CPU.ActiveCfg = Debug|Any CPU
		{8BE225A0-ECE1-45BB-B0BB-156DA79DB006}.Debug|Any CPU.Build.0 = Debug|Any CPU
		{8BE225A0-ECE1-45BB-B0BB-156DA79DB006}.Release|Any CPU.ActiveCfg = Release|Any CPU
		{8BE225A0-ECE1-45BB-B0BB-156DA79DB006}.Release|Any CPU.Build.0 = Release|Any CPU
		{FD7C28D9-154D-45C7-84B4-0BAEC34BD877}.Debug|Any CPU.ActiveCfg = Debug|Any CPU
		{FD7C28D9-154D-45C7-84B4-0BAEC34BD877}.Debug|Any CPU.Build.0 = Debug|Any CPU
		{FD7C28D9-154D-45C7-84B4-0BAEC34BD877}.Release|Any CPU.ActiveCfg = Release|Any CPU
		{FD7C28D9-154D-45C7-84B4-0BAEC34BD877}.Release|Any CPU.Build.0 = Release|Any CPU
		{4678159A-692F-43BC-BB3C-3FB0AB109C63}.Debug|Any CPU.ActiveCfg = Debug|Any CPU
		{4678159A-692F-43BC-BB3C-3FB0AB109C63}.Debug|Any CPU.Build.0 = Debug|Any CPU
		{4678159A-692F-43BC-BB3C-3FB0AB109C63}.Release|Any CPU.ActiveCfg = Release|Any CPU
		{4678159A-692F-43BC-BB3C-3FB0AB109C63}.Release|Any CPU.Build.0 = Release|Any CPU
		{5C8C0FA0-1498-4974-B7D2-E37DAA35B080}.Debug|Any CPU.ActiveCfg = Debug|Any CPU
		{5C8C0FA0-1498-4974-B7D2-E37DAA35B080}.Debug|Any CPU.Build.0 = Debug|Any CPU
		{5C8C0FA0-1498-4974-B7D2-E37DAA35B080}.Release|Any CPU.ActiveCfg = Release|Any CPU
		{5C8C0FA0-1498-4974-B7D2-E37DAA35B080}.Release|Any CPU.Build.0 = Release|Any CPU
	EndGlobalSection
	GlobalSection(SolutionProperties) = preSolution
		HideSolutionNode = FALSE
	EndGlobalSection
	GlobalSection(NestedProjects) = preSolution
		{33FC5A32-CDDC-EE43-9CA6-483EA2BFBE99} = {32264C5E-0437-4D8D-A50F-6E8B2104E304}
		{F9EE1BF7-1B2A-4CFE-B5C8-E776529B92A3} = {02EA681E-C7D8-13C7-8484-4AC65E1B71E8}
		{32264C5E-0437-4D8D-A50F-6E8B2104E304} = {27680966-BDC7-453A-AA49-D6140B689B20}
		{E83E879F-B15A-4EA4-A628-C9E42D14514C} = {27680966-BDC7-453A-AA49-D6140B689B20}
		{A69199CC-B0C3-4956-9F49-7B8C22FCF1D8} = {E83E879F-B15A-4EA4-A628-C9E42D14514C}
		{311A87E0-E5C9-414E-B545-EAF1CAA7DE8E} = {27680966-BDC7-453A-AA49-D6140B689B20}
		{BD2E99A7-9394-45AE-9ECB-490FB560FD6C} = {311A87E0-E5C9-414E-B545-EAF1CAA7DE8E}
		{A2CF9A38-D49A-43F8-94E4-2E64841EBB7E} = {27680966-BDC7-453A-AA49-D6140B689B20}
		{82E7A851-8774-4F1B-A6F6-51E1F45DBE31} = {A2CF9A38-D49A-43F8-94E4-2E64841EBB7E}
		{8BE225A0-ECE1-45BB-B0BB-156DA79DB006} = {A2CF9A38-D49A-43F8-94E4-2E64841EBB7E}
		{FD7C28D9-154D-45C7-84B4-0BAEC34BD877} = {A2CF9A38-D49A-43F8-94E4-2E64841EBB7E}
		{4678159A-692F-43BC-BB3C-3FB0AB109C63} = {A2CF9A38-D49A-43F8-94E4-2E64841EBB7E}
		{5C8C0FA0-1498-4974-B7D2-E37DAA35B080} = {02EA681E-C7D8-13C7-8484-4AC65E1B71E8}
	EndGlobalSection
	GlobalSection(ExtensibilityGlobals) = postSolution
		SolutionGuid = {855806D5-BF68-4DD9-8FC9-46BE2915DD8E}
	EndGlobalSection
EndGlobal
